
Microsoft Visual Studio Solution File, Format Version 12.00
# Visual Studio Version 17
VisualStudioVersion = 17.0.31903.59
MinimumVisualStudioVersion = 10.0.40219.1
Project("{FAE04EC0-301F-11D3-BF4B-00C04F79EFBC}") = "Codigos e exercicios de aula de C#", "Codigos e exercicios de aula de C#\Codigos e exercicios de aula de C#.csproj", "{13DFE835-1CAA-44E1-B35F-BD33E4D137AA}"
EndProject
Global
	GlobalSection(SolutionConfigurationPlatforms) = preSolution
		Debug|Any CPU = Debug|Any CPU
		Release|Any CPU = Release|Any CPU
	EndGlobalSection
	GlobalSection(SolutionProperties) = preSolution
		HideSolutionNode = FALSE
	EndGlobalSection
	GlobalSection(ProjectConfigurationPlatforms) = postSolution
		{13DFE835-1CAA-44E1-B35F-BD33E4D137AA}.Debug|Any CPU.ActiveCfg = Debug|Any CPU
		{13DFE835-1CAA-44E1-B35F-BD33E4D137AA}.Debug|Any CPU.Build.0 = Debug|Any CPU
		{13DFE835-1CAA-44E1-B35F-BD33E4D137AA}.Release|Any CPU.ActiveCfg = Release|Any CPU
		{13DFE835-1CAA-44E1-B35F-BD33E4D137AA}.Release|Any CPU.Build.0 = Release|Any CPU
	EndGlobalSection
EndGlobal
